
Microsoft Visual Studio Solution File, Format Version 12.00
# Visual Studio Version 16
VisualStudioVersion = 16.0.29806.167
MinimumVisualStudioVersion = 10.0.40219.1
Project("{2150E333-8FDC-42A3-9474-1A3956D46DE8}") = "src", "src", "{9D516A03-3095-435E-9158-9705BCE61B5F}"
EndProject
Project("{2150E333-8FDC-42A3-9474-1A3956D46DE8}") = "Services", "Services", "{E1DBE3BA-08A0-4E98-8FE8-FB23DCAA07B1}"
EndProject
Project("{2150E333-8FDC-42A3-9474-1A3956D46DE8}") = "Watson", "Watson", "{C9AB1D73-64AD-410C-89D9-E3A7CA4DDA87}"
EndProject
Project("{2150E333-8FDC-42A3-9474-1A3956D46DE8}") = "Core", "Core", "{3FD771FE-124C-4951-82E9-C2643C7D1B63}"
EndProject
Project("{9A19103F-16F7-4668-BE54-9A1E7A4F7556}") = "Social.Infrastructure", "Social.Infrastructure\Social.Infrastructure.csproj", "{4CF6BFD6-70D4-4659-BF3F-0EB30288D8C6}"
EndProject
Project("{9A19103F-16F7-4668-BE54-9A1E7A4F7556}") = "Social.Watson.Infrastructure", "Social.Watson.Infrastructure\Social.Watson.Infrastructure.csproj", "{A1D5D9B3-8B00-43FA-840E-55B5263EE156}"
EndProject
Project("{9A19103F-16F7-4668-BE54-9A1E7A4F7556}") = "Social.Watson.Domain", "Social.Watson.Domain\Social.Watson.Domain.csproj", "{C8D30202-6777-4953-9B98-0BEB9C6997D8}"
EndProject
Project("{9A19103F-16F7-4668-BE54-9A1E7A4F7556}") = "Social.Watson.Tests", "Social.Watson.Tests\Social.Watson.Tests.csproj", "{D8E28273-D447-45CC-890F-58C61EE6024B}"
EndProject
Project("{9A19103F-16F7-4668-BE54-9A1E7A4F7556}") = "Social.Watson.Api", "Social.Watson.Api\Social.Watson.Api.csproj", "{8A602831-74A8-4B05-A04D-948DF21FA777}"
EndProject
Project("{2150E333-8FDC-42A3-9474-1A3956D46DE8}") = "Gateway", "Gateway", "{D44AF7E5-7C47-4852-A740-EE257E93CCBE}"
EndProject
Project("{2150E333-8FDC-42A3-9474-1A3956D46DE8}") = "Database", "Database", "{29075E04-8DD5-4DE9-8CD6-6093F6BB060D}"
EndProject
Project("{2150E333-8FDC-42A3-9474-1A3956D46DE8}") = "solution", "solution", "{E7189D7F-7A87-4953-9A22-568F118A8748}"
	ProjectSection(SolutionItems) = preProject
		..\.gitignore = ..\.gitignore
		..\README.md = ..\README.md
	EndProjectSection
EndProject
Project("{9A19103F-16F7-4668-BE54-9A1E7A4F7556}") = "Social.Database.Api", "Social.Database.Api\Social.Database.Api.csproj", "{B4D5E99D-7DCC-405B-9CAC-BCB560245B52}"
EndProject
Project("{9A19103F-16F7-4668-BE54-9A1E7A4F7556}") = "Social.Database.Infrastructure", "Social.Database.Infrastructure\Social.Database.Infrastructure.csproj", "{80EF1AF2-ACBA-46ED-965B-E153D0664429}"
EndProject
Project("{9A19103F-16F7-4668-BE54-9A1E7A4F7556}") = "Social.Database.Domain", "Social.Database.Domain\Social.Database.Domain.csproj", "{D66945BD-7A1B-4868-9B74-63830A4A39AE}"
EndProject
Project("{9A19103F-16F7-4668-BE54-9A1E7A4F7556}") = "Social.Database.Tests", "Social.Database.Tests\Social.Database.Tests.csproj", "{91059603-CCF4-4C32-AB86-FFBF39273389}"
EndProject
Project("{2150E333-8FDC-42A3-9474-1A3956D46DE8}") = "Interact", "Interact", "{324E2AAD-F044-411E-AA0B-2A1580E71958}"
EndProject
Project("{9A19103F-16F7-4668-BE54-9A1E7A4F7556}") = "Social.Interact.Api", "Social.Interact.Api\Social.Interact.Api.csproj", "{200D43C4-28A4-4D34-8897-DA3F7BA8CC63}"
EndProject
Project("{9A19103F-16F7-4668-BE54-9A1E7A4F7556}") = "Social.Interact.Domain", "Social.Interact.Domain\Social.Interact.Domain.csproj", "{C53C7F8E-69D3-42E3-9759-63C7CC02EDEB}"
EndProject
Project("{FAE04EC0-301F-11D3-BF4B-00C04F79EFBC}") = "Social.Interact.Infrastructure", "Social.Interact.Infrastructure\Social.Interact.Infrastructure.csproj", "{A254F8BA-1AAA-42C6-A1FB-AF7A6D421B0E}"
EndProject
Project("{FAE04EC0-301F-11D3-BF4B-00C04F79EFBC}") = "Social.Interact.Tests", "Social.Interact.Tests\Social.Interact.Tests.csproj", "{A71B0D5D-BA92-418D-9C65-9530EFD77B44}"
EndProject
Global
	GlobalSection(SolutionConfigurationPlatforms) = preSolution
		Debug|Any CPU = Debug|Any CPU
		Release|Any CPU = Release|Any CPU
	EndGlobalSection
	GlobalSection(ProjectConfigurationPlatforms) = postSolution
		{4CF6BFD6-70D4-4659-BF3F-0EB30288D8C6}.Debug|Any CPU.ActiveCfg = Debug|Any CPU
		{4CF6BFD6-70D4-4659-BF3F-0EB30288D8C6}.Debug|Any CPU.Build.0 = Debug|Any CPU
		{4CF6BFD6-70D4-4659-BF3F-0EB30288D8C6}.Release|Any CPU.ActiveCfg = Release|Any CPU
		{4CF6BFD6-70D4-4659-BF3F-0EB30288D8C6}.Release|Any CPU.Build.0 = Release|Any CPU
		{A1D5D9B3-8B00-43FA-840E-55B5263EE156}.Debug|Any CPU.ActiveCfg = Debug|Any CPU
		{A1D5D9B3-8B00-43FA-840E-55B5263EE156}.Debug|Any CPU.Build.0 = Debug|Any CPU
		{A1D5D9B3-8B00-43FA-840E-55B5263EE156}.Release|Any CPU.ActiveCfg = Release|Any CPU
		{A1D5D9B3-8B00-43FA-840E-55B5263EE156}.Release|Any CPU.Build.0 = Release|Any CPU
		{C8D30202-6777-4953-9B98-0BEB9C6997D8}.Debug|Any CPU.ActiveCfg = Debug|Any CPU
		{C8D30202-6777-4953-9B98-0BEB9C6997D8}.Debug|Any CPU.Build.0 = Debug|Any CPU
		{C8D30202-6777-4953-9B98-0BEB9C6997D8}.Release|Any CPU.ActiveCfg = Release|Any CPU
		{C8D30202-6777-4953-9B98-0BEB9C6997D8}.Release|Any CPU.Build.0 = Release|Any CPU
		{D8E28273-D447-45CC-890F-58C61EE6024B}.Debug|Any CPU.ActiveCfg = Debug|Any CPU
		{D8E28273-D447-45CC-890F-58C61EE6024B}.Debug|Any CPU.Build.0 = Debug|Any CPU
		{D8E28273-D447-45CC-890F-58C61EE6024B}.Release|Any CPU.ActiveCfg = Release|Any CPU
		{D8E28273-D447-45CC-890F-58C61EE6024B}.Release|Any CPU.Build.0 = Release|Any CPU
		{8A602831-74A8-4B05-A04D-948DF21FA777}.Debug|Any CPU.ActiveCfg = Debug|Any CPU
		{8A602831-74A8-4B05-A04D-948DF21FA777}.Debug|Any CPU.Build.0 = Debug|Any CPU
		{8A602831-74A8-4B05-A04D-948DF21FA777}.Release|Any CPU.ActiveCfg = Release|Any CPU
		{8A602831-74A8-4B05-A04D-948DF21FA777}.Release|Any CPU.Build.0 = Release|Any CPU
		{B4D5E99D-7DCC-405B-9CAC-BCB560245B52}.Debug|Any CPU.ActiveCfg = Debug|Any CPU
		{B4D5E99D-7DCC-405B-9CAC-BCB560245B52}.Debug|Any CPU.Build.0 = Debug|Any CPU
		{B4D5E99D-7DCC-405B-9CAC-BCB560245B52}.Release|Any CPU.ActiveCfg = Release|Any CPU
		{B4D5E99D-7DCC-405B-9CAC-BCB560245B52}.Release|Any CPU.Build.0 = Release|Any CPU
		{80EF1AF2-ACBA-46ED-965B-E153D0664429}.Debug|Any CPU.ActiveCfg = Debug|Any CPU
		{80EF1AF2-ACBA-46ED-965B-E153D0664429}.Debug|Any CPU.Build.0 = Debug|Any CPU
		{80EF1AF2-ACBA-46ED-965B-E153D0664429}.Release|Any CPU.ActiveCfg = Release|Any CPU
		{80EF1AF2-ACBA-46ED-965B-E153D0664429}.Release|Any CPU.Build.0 = Release|Any CPU
		{D66945BD-7A1B-4868-9B74-63830A4A39AE}.Debug|Any CPU.ActiveCfg = Debug|Any CPU
		{D66945BD-7A1B-4868-9B74-63830A4A39AE}.Debug|Any CPU.Build.0 = Debug|Any CPU
		{D66945BD-7A1B-4868-9B74-63830A4A39AE}.Release|Any CPU.ActiveCfg = Release|Any CPU
		{D66945BD-7A1B-4868-9B74-63830A4A39AE}.Release|Any CPU.Build.0 = Release|Any CPU
		{91059603-CCF4-4C32-AB86-FFBF39273389}.Debug|Any CPU.ActiveCfg = Debug|Any CPU
		{91059603-CCF4-4C32-AB86-FFBF39273389}.Debug|Any CPU.Build.0 = Debug|Any CPU
		{91059603-CCF4-4C32-AB86-FFBF39273389}.Release|Any CPU.ActiveCfg = Release|Any CPU
		{91059603-CCF4-4C32-AB86-FFBF39273389}.Release|Any CPU.Build.0 = Release|Any CPU
		{200D43C4-28A4-4D34-8897-DA3F7BA8CC63}.Debug|Any CPU.ActiveCfg = Debug|Any CPU
		{200D43C4-28A4-4D34-8897-DA3F7BA8CC63}.Debug|Any CPU.Build.0 = Debug|Any CPU
		{200D43C4-28A4-4D34-8897-DA3F7BA8CC63}.Release|Any CPU.ActiveCfg = Release|Any CPU
		{200D43C4-28A4-4D34-8897-DA3F7BA8CC63}.Release|Any CPU.Build.0 = Release|Any CPU
		{C53C7F8E-69D3-42E3-9759-63C7CC02EDEB}.Debug|Any CPU.ActiveCfg = Debug|Any CPU
		{C53C7F8E-69D3-42E3-9759-63C7CC02EDEB}.Debug|Any CPU.Build.0 = Debug|Any CPU
		{C53C7F8E-69D3-42E3-9759-63C7CC02EDEB}.Release|Any CPU.ActiveCfg = Release|Any CPU
		{C53C7F8E-69D3-42E3-9759-63C7CC02EDEB}.Release|Any CPU.Build.0 = Release|Any CPU
		{A254F8BA-1AAA-42C6-A1FB-AF7A6D421B0E}.Debug|Any CPU.ActiveCfg = Debug|Any CPU
		{A254F8BA-1AAA-42C6-A1FB-AF7A6D421B0E}.Debug|Any CPU.Build.0 = Debug|Any CPU
		{A254F8BA-1AAA-42C6-A1FB-AF7A6D421B0E}.Release|Any CPU.ActiveCfg = Release|Any CPU
		{A254F8BA-1AAA-42C6-A1FB-AF7A6D421B0E}.Release|Any CPU.Build.0 = Release|Any CPU
		{A71B0D5D-BA92-418D-9C65-9530EFD77B44}.Debug|Any CPU.ActiveCfg = Debug|Any CPU
		{A71B0D5D-BA92-418D-9C65-9530EFD77B44}.Debug|Any CPU.Build.0 = Debug|Any CPU
		{A71B0D5D-BA92-418D-9C65-9530EFD77B44}.Release|Any CPU.ActiveCfg = Release|Any CPU
		{A71B0D5D-BA92-418D-9C65-9530EFD77B44}.Release|Any CPU.Build.0 = Release|Any CPU
	EndGlobalSection
	GlobalSection(SolutionProperties) = preSolution
		HideSolutionNode = FALSE
	EndGlobalSection
	GlobalSection(NestedProjects) = preSolution
		{E1DBE3BA-08A0-4E98-8FE8-FB23DCAA07B1} = {9D516A03-3095-435E-9158-9705BCE61B5F}
		{C9AB1D73-64AD-410C-89D9-E3A7CA4DDA87} = {E1DBE3BA-08A0-4E98-8FE8-FB23DCAA07B1}
		{3FD771FE-124C-4951-82E9-C2643C7D1B63} = {9D516A03-3095-435E-9158-9705BCE61B5F}
		{4CF6BFD6-70D4-4659-BF3F-0EB30288D8C6} = {3FD771FE-124C-4951-82E9-C2643C7D1B63}
		{A1D5D9B3-8B00-43FA-840E-55B5263EE156} = {C9AB1D73-64AD-410C-89D9-E3A7CA4DDA87}
		{C8D30202-6777-4953-9B98-0BEB9C6997D8} = {C9AB1D73-64AD-410C-89D9-E3A7CA4DDA87}
		{D8E28273-D447-45CC-890F-58C61EE6024B} = {C9AB1D73-64AD-410C-89D9-E3A7CA4DDA87}
		{8A602831-74A8-4B05-A04D-948DF21FA777} = {C9AB1D73-64AD-410C-89D9-E3A7CA4DDA87}
		{D44AF7E5-7C47-4852-A740-EE257E93CCBE} = {9D516A03-3095-435E-9158-9705BCE61B5F}
		{29075E04-8DD5-4DE9-8CD6-6093F6BB060D} = {E1DBE3BA-08A0-4E98-8FE8-FB23DCAA07B1}
		{B4D5E99D-7DCC-405B-9CAC-BCB560245B52} = {29075E04-8DD5-4DE9-8CD6-6093F6BB060D}
		{80EF1AF2-ACBA-46ED-965B-E153D0664429} = {29075E04-8DD5-4DE9-8CD6-6093F6BB060D}
		{D66945BD-7A1B-4868-9B74-63830A4A39AE} = {29075E04-8DD5-4DE9-8CD6-6093F6BB060D}
		{91059603-CCF4-4C32-AB86-FFBF39273389} = {29075E04-8DD5-4DE9-8CD6-6093F6BB060D}
		{324E2AAD-F044-411E-AA0B-2A1580E71958} = {E1DBE3BA-08A0-4E98-8FE8-FB23DCAA07B1}
		{200D43C4-28A4-4D34-8897-DA3F7BA8CC63} = {324E2AAD-F044-411E-AA0B-2A1580E71958}
		{C53C7F8E-69D3-42E3-9759-63C7CC02EDEB} = {324E2AAD-F044-411E-AA0B-2A1580E71958}
		{A254F8BA-1AAA-42C6-A1FB-AF7A6D421B0E} = {324E2AAD-F044-411E-AA0B-2A1580E71958}
		{A71B0D5D-BA92-418D-9C65-9530EFD77B44} = {324E2AAD-F044-411E-AA0B-2A1580E71958}
	EndGlobalSection
	GlobalSection(ExtensibilityGlobals) = postSolution
		SolutionGuid = {23FAD52C-EB46-4FB8-B241-E5B60D964930}
	EndGlobalSection
EndGlobal
